
Microsoft Visual Studio Solution File, Format Version 12.00
# Visual Studio Version 16
VisualStudioVersion = 16.0.29613.14
MinimumVisualStudioVersion = 10.0.40219.1
Project("{FAE04EC0-301F-11D3-BF4B-00C04F79EFBC}") = "20200911_unio", "20200911_unio\20200911_unio.csproj", "{15D3C313-0FA6-4552-AD51-A651D866F30A}"
EndProject
Global
	GlobalSection(SolutionConfigurationPlatforms) = preSolution
		Debug|Any CPU = Debug|Any CPU
		Release|Any CPU = Release|Any CPU
	EndGlobalSection
	GlobalSection(ProjectConfigurationPlatforms) = postSolution
		{15D3C313-0FA6-4552-AD51-A651D866F30A}.Debug|Any CPU.ActiveCfg = Debug|Any CPU
		{15D3C313-0FA6-4552-AD51-A651D866F30A}.Debug|Any CPU.Build.0 = Debug|Any CPU
		{15D3C313-0FA6-4552-AD51-A651D866F30A}.Release|Any CPU.ActiveCfg = Release|Any CPU
		{15D3C313-0FA6-4552-AD51-A651D866F30A}.Release|Any CPU.Build.0 = Release|Any CPU
	EndGlobalSection
	GlobalSection(SolutionProperties) = preSolution
		HideSolutionNode = FALSE
	EndGlobalSection
	GlobalSection(ExtensibilityGlobals) = postSolution
		SolutionGuid = {6C6BD8CC-BFFD-4667-8B0A-80DB468EDEB6}
	EndGlobalSection
EndGlobal
