
Microsoft Visual Studio Solution File, Format Version 12.00
# Visual Studio Version 16
VisualStudioVersion = 16.0.29201.188
MinimumVisualStudioVersion = 10.0.40219.1
Project("{FAE04EC0-301F-11D3-BF4B-00C04F79EFBC}") = "20210528", "20210528\20210528.csproj", "{C5138734-8634-4C6C-870A-8E2F3712EB94}"
EndProject
Global
	GlobalSection(SolutionConfigurationPlatforms) = preSolution
		Debug|Any CPU = Debug|Any CPU
		Release|Any CPU = Release|Any CPU
	EndGlobalSection
	GlobalSection(ProjectConfigurationPlatforms) = postSolution
		{C5138734-8634-4C6C-870A-8E2F3712EB94}.Debug|Any CPU.ActiveCfg = Debug|Any CPU
		{C5138734-8634-4C6C-870A-8E2F3712EB94}.Debug|Any CPU.Build.0 = Debug|Any CPU
		{C5138734-8634-4C6C-870A-8E2F3712EB94}.Release|Any CPU.ActiveCfg = Release|Any CPU
		{C5138734-8634-4C6C-870A-8E2F3712EB94}.Release|Any CPU.Build.0 = Release|Any CPU
	EndGlobalSection
	GlobalSection(SolutionProperties) = preSolution
		HideSolutionNode = FALSE
	EndGlobalSection
	GlobalSection(ExtensibilityGlobals) = postSolution
		SolutionGuid = {8BEA04DA-4DCC-4442-A1A6-7592FCA34675}
	EndGlobalSection
EndGlobal
