
Microsoft Visual Studio Solution File, Format Version 12.00
# Visual Studio Version 16
VisualStudioVersion = 16.0.29613.14
MinimumVisualStudioVersion = 10.0.40219.1
Project("{FAE04EC0-301F-11D3-BF4B-00C04F79EFBC}") = "20200911", "20200911\20200911.csproj", "{9D1808CE-0B1B-4CBB-96DA-B3960E70390E}"
EndProject
Global
	GlobalSection(SolutionConfigurationPlatforms) = preSolution
		Debug|Any CPU = Debug|Any CPU
		Release|Any CPU = Release|Any CPU
	EndGlobalSection
	GlobalSection(ProjectConfigurationPlatforms) = postSolution
		{9D1808CE-0B1B-4CBB-96DA-B3960E70390E}.Debug|Any CPU.ActiveCfg = Debug|Any CPU
		{9D1808CE-0B1B-4CBB-96DA-B3960E70390E}.Debug|Any CPU.Build.0 = Debug|Any CPU
		{9D1808CE-0B1B-4CBB-96DA-B3960E70390E}.Release|Any CPU.ActiveCfg = Release|Any CPU
		{9D1808CE-0B1B-4CBB-96DA-B3960E70390E}.Release|Any CPU.Build.0 = Release|Any CPU
	EndGlobalSection
	GlobalSection(SolutionProperties) = preSolution
		HideSolutionNode = FALSE
	EndGlobalSection
	GlobalSection(ExtensibilityGlobals) = postSolution
		SolutionGuid = {89AE1AA3-00EC-4681-8717-74A9ABC1EE72}
	EndGlobalSection
EndGlobal
