
Microsoft Visual Studio Solution File, Format Version 12.00
# Visual Studio Version 16
VisualStudioVersion = 16.0.29613.14
MinimumVisualStudioVersion = 10.0.40219.1
Project("{FAE04EC0-301F-11D3-BF4B-00C04F79EFBC}") = "20201002", "20201002\20201002.csproj", "{ABDA04F4-F89A-4C53-A5FC-7B5E9927D22B}"
EndProject
Global
	GlobalSection(SolutionConfigurationPlatforms) = preSolution
		Debug|Any CPU = Debug|Any CPU
		Release|Any CPU = Release|Any CPU
	EndGlobalSection
	GlobalSection(ProjectConfigurationPlatforms) = postSolution
		{ABDA04F4-F89A-4C53-A5FC-7B5E9927D22B}.Debug|Any CPU.ActiveCfg = Debug|Any CPU
		{ABDA04F4-F89A-4C53-A5FC-7B5E9927D22B}.Debug|Any CPU.Build.0 = Debug|Any CPU
		{ABDA04F4-F89A-4C53-A5FC-7B5E9927D22B}.Release|Any CPU.ActiveCfg = Release|Any CPU
		{ABDA04F4-F89A-4C53-A5FC-7B5E9927D22B}.Release|Any CPU.Build.0 = Release|Any CPU
	EndGlobalSection
	GlobalSection(SolutionProperties) = preSolution
		HideSolutionNode = FALSE
	EndGlobalSection
	GlobalSection(ExtensibilityGlobals) = postSolution
		SolutionGuid = {8FB8A334-4ADA-4EDB-BDA8-A9FC07C6C6BE}
	EndGlobalSection
EndGlobal
